<?xml version="1.0" encoding="utf-8"?>
<Project ToolsVersion="4.0" xmlns="http://schemas.microsoft.com/developer/msbuild/2003">
  <ItemGroup>
    <Filter Include="ソース ファイル">
      <UniqueIdentifier>{4FC737F1-C7A5-4376-A066-2A32D752A2FF}</UniqueIdentifier>
      <Extensions>cpp;c;cc;cxx;def;odl;idl;hpj;bat;asm;asmx</Extensions>
    </Filter>
    <Filter Include="ヘッダー ファイル">
      <UniqueIdentifier>{93995380-89BD-4b04-88EB-625FBE52EBFB}</UniqueIdentifier>
      <Extensions>h;hh;hpp;hxx;hm;inl;inc;xsd</Extensions>
    </Filter>
    <Filter Include="リソース ファイル">
      <UniqueIdentifier>{67DA6AB6-F800-4c08-8B7A-83BB121AAD01}</UniqueIdentifier>
      <Extensions>rc;ico;cur;bmp;dlg;rc2;rct;bin;rgs;gif;jpg;jpeg;jpe;resx;tiff;tif;png;wav;mfcribbon-ms</Extensions>
    </Filter>
    <Filter Include="World">
      <UniqueIdentifier>{2c42e220-3736-4741-a6b6-1fd0621520c2}</UniqueIdentifier>
    </Filter>
    <Filter Include="World\src">
      <UniqueIdentifier>{9dd69ff4-cf7c-407d-baf3-f67fb51bcaf8}</UniqueIdentifier>
    </Filter>
    <Filter Include="World\src\world">
      <UniqueIdentifier>{067f932c-baf4-43a9-a81c-94a2c9ac8bea}</UniqueIdentifier>
    </Filter>
    <Filter Include="World\test">
      <UniqueIdentifier>{4b56d8aa-abbe-42bd-a995-bf071dabed43}</UniqueIdentifier>
    </Filter>
  </ItemGroup>
  <ItemGroup>
    <ClInclude Include="WORLD4dotNet.h">
      <Filter>ヘッダー ファイル</Filter>
    </ClInclude>
    <ClInclude Include="Stdafx.h">
      <Filter>ヘッダー ファイル</Filter>
    </ClInclude>
    <ClInclude Include="resource.h">
      <Filter>ヘッダー ファイル</Filter>
    </ClInclude>
    <ClInclude Include="World\src\world\cheaptrick.h">
      <Filter>World\src\world</Filter>
    </ClInclude>
    <ClInclude Include="World\src\world\common.h">
      <Filter>World\src\world</Filter>
    </ClInclude>
    <ClInclude Include="World\src\world\constantnumbers.h">
      <Filter>World\src\world</Filter>
    </ClInclude>
    <ClInclude Include="World\src\world\d4c.h">
      <Filter>World\src\world</Filter>
    </ClInclude>
    <ClInclude Include="World\src\world\dio.h">
      <Filter>World\src\world</Filter>
    </ClInclude>
    <ClInclude Include="World\src\world\fft.h">
      <Filter>World\src\world</Filter>
    </ClInclude>
    <ClInclude Include="World\src\world\macrodefinitions.h">
      <Filter>World\src\world</Filter>
    </ClInclude>
    <ClInclude Include="World\src\world\matlabfunctions.h">
      <Filter>World\src\world</Filter>
    </ClInclude>
    <ClInclude Include="World\src\world\stonemask.h">
      <Filter>World\src\world</Filter>
    </ClInclude>
    <ClInclude Include="World\src\world\synthesis.h">
      <Filter>World\src\world</Filter>
    </ClInclude>
    <ClInclude Include="World\src\world\synthesisrealtime.h">
      <Filter>World\src\world</Filter>
    </ClInclude>
    <ClInclude Include="World\test\audioio.h">
      <Filter>World\test</Filter>
    </ClInclude>
  </ItemGroup>
  <ItemGroup>
    <ClCompile Include="WORLD4dotNet.cpp">
      <Filter>ソース ファイル</Filter>
    </ClCompile>
    <ClCompile Include="AssemblyInfo.cpp">
      <Filter>ソース ファイル</Filter>
    </ClCompile>
    <ClCompile Include="Stdafx.cpp">
      <Filter>ソース ファイル</Filter>
    </ClCompile>
    <ClCompile Include="World\src\cheaptrick.cpp">
      <Filter>World\src</Filter>
    </ClCompile>
    <ClCompile Include="World\src\common.cpp">
      <Filter>World\src</Filter>
    </ClCompile>
    <ClCompile Include="World\src\d4c.cpp">
      <Filter>World\src</Filter>
    </ClCompile>
    <ClCompile Include="World\src\dio.cpp">
      <Filter>World\src</Filter>
    </ClCompile>
    <ClCompile Include="World\src\fft.cpp">
      <Filter>World\src</Filter>
    </ClCompile>
    <ClCompile Include="World\src\matlabfunctions.cpp">
      <Filter>World\src</Filter>
    </ClCompile>
    <ClCompile Include="World\src\stonemask.cpp">
      <Filter>World\src</Filter>
    </ClCompile>
    <ClCompile Include="World\src\synthesis.cpp">
      <Filter>World\src</Filter>
    </ClCompile>
    <ClCompile Include="World\src\synthesisrealtime.cpp">
      <Filter>World\src</Filter>
    </ClCompile>
    <ClCompile Include="World\test\audioio.cpp">
      <Filter>World\test</Filter>
    </ClCompile>
  </ItemGroup>
  <ItemGroup>
    <Text Include="ReadMe.txt" />
  </ItemGroup>
  <ItemGroup>
    <ResourceCompile Include="app.rc">
      <Filter>リソース ファイル</Filter>
    </ResourceCompile>
  </ItemGroup>
  <ItemGroup>
    <Image Include="app.ico">
      <Filter>リソース ファイル</Filter>
    </Image>
  </ItemGroup>
</Project>