<?xml version="1.0" encoding="utf-8"?>
<Project ToolsVersion="4.0" xmlns="http://schemas.microsoft.com/developer/msbuild/2003">
  <ItemGroup>
    <Filter Include="ソース ファイル">
      <UniqueIdentifier>{4FC737F1-C7A5-4376-A066-2A32D752A2FF}</UniqueIdentifier>
      <Extensions>cpp;c;cc;cxx;def;odl;idl;hpj;bat;asm;asmx</Extensions>
    </Filter>
    <Filter Include="ヘッダー ファイル">
      <UniqueIdentifier>{93995380-89BD-4b04-88EB-625FBE52EBFB}</UniqueIdentifier>
      <Extensions>h;hh;hpp;hxx;hm;inl;inc;xsd</Extensions>
    </Filter>
    <Filter Include="リソース ファイル">
      <UniqueIdentifier>{67DA6AB6-F800-4c08-8B7A-83BB121AAD01}</UniqueIdentifier>
      <Extensions>rc;ico;cur;bmp;dlg;rc2;rct;bin;rgs;gif;jpg;jpeg;jpe;resx;tiff;tif;png;wav;mfcribbon-ms</Extensions>
    </Filter>
    <Filter Include="WORLD">
      <UniqueIdentifier>{f5ba6b74-fd22-4053-a92f-e968b9574e14}</UniqueIdentifier>
    </Filter>
    <Filter Include="WORLD\src">
      <UniqueIdentifier>{42798588-1045-4ee9-a9b5-60af26219c45}</UniqueIdentifier>
    </Filter>
    <Filter Include="WORLD\test">
      <UniqueIdentifier>{92ae45e7-eee1-408f-a1fd-4c2f6d61d00e}</UniqueIdentifier>
    </Filter>
  </ItemGroup>
  <ItemGroup>
    <ClInclude Include="WORLD4dotNet.h">
      <Filter>ヘッダー ファイル</Filter>
    </ClInclude>
    <ClInclude Include="Stdafx.h">
      <Filter>ヘッダー ファイル</Filter>
    </ClInclude>
    <ClInclude Include="resource.h">
      <Filter>ヘッダー ファイル</Filter>
    </ClInclude>
    <ClInclude Include="world\src\cheaptrick.h">
      <Filter>WORLD\src</Filter>
    </ClInclude>
    <ClInclude Include="world\src\common.h">
      <Filter>WORLD\src</Filter>
    </ClInclude>
    <ClInclude Include="world\src\constantnumbers.h">
      <Filter>WORLD\src</Filter>
    </ClInclude>
    <ClInclude Include="world\src\d4c.h">
      <Filter>WORLD\src</Filter>
    </ClInclude>
    <ClInclude Include="world\src\dio.h">
      <Filter>WORLD\src</Filter>
    </ClInclude>
    <ClInclude Include="world\src\fft.h">
      <Filter>WORLD\src</Filter>
    </ClInclude>
    <ClInclude Include="world\src\macrodefinitions.h">
      <Filter>WORLD\src</Filter>
    </ClInclude>
    <ClInclude Include="world\src\matlabfunctions.h">
      <Filter>WORLD\src</Filter>
    </ClInclude>
    <ClInclude Include="world\src\stonemask.h">
      <Filter>WORLD\src</Filter>
    </ClInclude>
    <ClInclude Include="world\src\synthesis.h">
      <Filter>WORLD\src</Filter>
    </ClInclude>
    <ClInclude Include="world\test\audioio.h">
      <Filter>WORLD\test</Filter>
    </ClInclude>
  </ItemGroup>
  <ItemGroup>
    <ClCompile Include="WORLD4dotNet.cpp">
      <Filter>ソース ファイル</Filter>
    </ClCompile>
    <ClCompile Include="AssemblyInfo.cpp">
      <Filter>ソース ファイル</Filter>
    </ClCompile>
    <ClCompile Include="Stdafx.cpp">
      <Filter>ソース ファイル</Filter>
    </ClCompile>
    <ClCompile Include="world\src\cheaptrick.cpp">
      <Filter>WORLD\src</Filter>
    </ClCompile>
    <ClCompile Include="world\src\common.cpp">
      <Filter>WORLD\src</Filter>
    </ClCompile>
    <ClCompile Include="world\src\d4c.cpp">
      <Filter>WORLD\src</Filter>
    </ClCompile>
    <ClCompile Include="world\src\dio.cpp">
      <Filter>WORLD\src</Filter>
    </ClCompile>
    <ClCompile Include="world\src\fft.cpp">
      <Filter>WORLD\src</Filter>
    </ClCompile>
    <ClCompile Include="world\src\matlabfunctions.cpp">
      <Filter>WORLD\src</Filter>
    </ClCompile>
    <ClCompile Include="world\src\stonemask.cpp">
      <Filter>WORLD\src</Filter>
    </ClCompile>
    <ClCompile Include="world\src\synthesis.cpp">
      <Filter>WORLD\src</Filter>
    </ClCompile>
    <ClCompile Include="world\test\audioio.cpp">
      <Filter>WORLD\test</Filter>
    </ClCompile>
  </ItemGroup>
  <ItemGroup>
    <Text Include="ReadMe.txt" />
  </ItemGroup>
  <ItemGroup>
    <ResourceCompile Include="app.rc">
      <Filter>リソース ファイル</Filter>
    </ResourceCompile>
  </ItemGroup>
  <ItemGroup>
    <Image Include="app.ico">
      <Filter>リソース ファイル</Filter>
    </Image>
  </ItemGroup>
</Project>